// !$*UTF8*$!
{
	archiveVersion = 1;
	classes = {
	};
	objectVersion = 51;
	objects = {

/* Begin PBXBuildFile section */
		602744EA86362BCEAE02995D /* Pods_Feedback_Analysis.framework in Frameworks */ = {isa = PBXBuildFile; fileRef = A9999A439B460BE0979C86B1 /* Pods_Feedback_Analysis.framework */; };
		C90535CB22AFBD55006B2E04 /* Provider.swift in Sources */ = {isa = PBXBuildFile; fileRef = C90535CA22AFBD55006B2E04 /* Provider.swift */; };
		C91FA65422B4FF84006D9E6D /* EditPresenter.swift in Sources */ = {isa = PBXBuildFile; fileRef = C91FA65322B4FF84006D9E6D /* EditPresenter.swift */; };
		C91FA65622B4FF8B006D9E6D /* EditPresenterImpl.swift in Sources */ = {isa = PBXBuildFile; fileRef = C91FA65522B4FF8B006D9E6D /* EditPresenterImpl.swift */; };
		C91FA65822B50401006D9E6D /* EditUseCase.swift in Sources */ = {isa = PBXBuildFile; fileRef = C91FA65722B50401006D9E6D /* EditUseCase.swift */; };
		C91FA65B22B53F9C006D9E6D /* Update.swift in Sources */ = {isa = PBXBuildFile; fileRef = C91FA65A22B53F9C006D9E6D /* Update.swift */; };
		C91FA65D22B5686B006D9E6D /* DateFormatter+ Extension.swift in Sources */ = {isa = PBXBuildFile; fileRef = C91FA65C22B5686B006D9E6D /* DateFormatter+ Extension.swift */; };
		C91FA66022B577BB006D9E6D /* Residence.swift in Sources */ = {isa = PBXBuildFile; fileRef = C91FA65F22B577BB006D9E6D /* Residence.swift */; };
		C926CD9E22B3C417008672AA /* EditViewController.swift in Sources */ = {isa = PBXBuildFile; fileRef = C926CD9D22B3C417008672AA /* EditViewController.swift */; };
		C926CDA022B3C41E008672AA /* EditUI.swift in Sources */ = {isa = PBXBuildFile; fileRef = C926CD9F22B3C41E008672AA /* EditUI.swift */; };
		C926CDA222B3C425008672AA /* EditRouting.swift in Sources */ = {isa = PBXBuildFile; fileRef = C926CDA122B3C425008672AA /* EditRouting.swift */; };
		C94F080F22ABEBF800BF3534 /* UIVIew+Extension.swift in Sources */ = {isa = PBXBuildFile; fileRef = C94F080E22ABEBF800BF3534 /* UIVIew+Extension.swift */; };
		C95ADED022AB141D00D851A0 /* R.generated.swift in Sources */ = {isa = PBXBuildFile; fileRef = C95ADECF22AB141D00D851A0 /* R.generated.swift */; };
		C95E08AB22B11750000C41C7 /* MainTabController.swift in Sources */ = {isa = PBXBuildFile; fileRef = C95E08AA22B11750000C41C7 /* MainTabController.swift */; };
		C97DDD7B22AD543F00A84219 /* SignupInputPresenter.swift in Sources */ = {isa = PBXBuildFile; fileRef = C97DDD7A22AD543F00A84219 /* SignupInputPresenter.swift */; };
		C97DDD7D22AD544E00A84219 /* SignupInputPresenterImpl.swift in Sources */ = {isa = PBXBuildFile; fileRef = C97DDD7C22AD544E00A84219 /* SignupInputPresenterImpl.swift */; };
		C97DDD7F22AD550F00A84219 /* Presenter.swift in Sources */ = {isa = PBXBuildFile; fileRef = C97DDD7E22AD550F00A84219 /* Presenter.swift */; };
		C97DDD8222AD71C100A84219 /* SignupUseCase.swift in Sources */ = {isa = PBXBuildFile; fileRef = C97DDD8122AD71C100A84219 /* SignupUseCase.swift */; };
		C97DDD8522AD74C900A84219 /* Account.swift in Sources */ = {isa = PBXBuildFile; fileRef = C97DDD8422AD74C900A84219 /* Account.swift */; };
		C97DDD8B22AD755B00A84219 /* AccountEntity.swift in Sources */ = {isa = PBXBuildFile; fileRef = C97DDD8A22AD755B00A84219 /* AccountEntity.swift */; };
		C97DDD8E22AD82AC00A84219 /* AccountRepository.swift in Sources */ = {isa = PBXBuildFile; fileRef = C97DDD8D22AD82AC00A84219 /* AccountRepository.swift */; };
		C97DDD9122AD83CC00A84219 /* AccountTranslator.swift in Sources */ = {isa = PBXBuildFile; fileRef = C97DDD9022AD83CC00A84219 /* AccountTranslator.swift */; };
		C97DDD9322AD85ED00A84219 /* Translator.swift in Sources */ = {isa = PBXBuildFile; fileRef = C97DDD9222AD85ED00A84219 /* Translator.swift */; };
		C97DDD9622AD879800A84219 /* AccountDataStore.swift in Sources */ = {isa = PBXBuildFile; fileRef = C97DDD9522AD879800A84219 /* AccountDataStore.swift */; };
		C97F9D0E22A6CCAA000779EF /* GoogleService-Info.plist in Resources */ = {isa = PBXBuildFile; fileRef = C97F9D0D22A6CCAA000779EF /* GoogleService-Info.plist */; };
		C9A1573522A6CA1F00D7D047 /* AppDelegate.swift in Sources */ = {isa = PBXBuildFile; fileRef = C9A1573422A6CA1F00D7D047 /* AppDelegate.swift */; };
		C9A1573C22A6CA2000D7D047 /* Assets.xcassets in Resources */ = {isa = PBXBuildFile; fileRef = C9A1573B22A6CA2000D7D047 /* Assets.xcassets */; };
		C9A1573F22A6CA2000D7D047 /* LaunchScreen.storyboard in Resources */ = {isa = PBXBuildFile; fileRef = C9A1573D22A6CA2000D7D047 /* LaunchScreen.storyboard */; };
		C9A6065922B1DF8700184E0F /* TimelineCell.swift in Sources */ = {isa = PBXBuildFile; fileRef = C9A6065822B1DF8700184E0F /* TimelineCell.swift */; };
		C9A6065B22B2633600184E0F /* UIStackView+Extension.swift in Sources */ = {isa = PBXBuildFile; fileRef = C9A6065A22B2633600184E0F /* UIStackView+Extension.swift */; };
		C9A6065D22B2643F00184E0F /* TimelineCell+Extension.swift in Sources */ = {isa = PBXBuildFile; fileRef = C9A6065C22B2643F00184E0F /* TimelineCell+Extension.swift */; };
		C9A6066122B2676B00184E0F /* MypagePresenter.swift in Sources */ = {isa = PBXBuildFile; fileRef = C9A6066022B2676B00184E0F /* MypagePresenter.swift */; };
		C9A6066722B26CCB00184E0F /* MypagePresenterImpl.swift in Sources */ = {isa = PBXBuildFile; fileRef = C9A6066622B26CCB00184E0F /* MypagePresenterImpl.swift */; };
		C9A6066A22B26DDB00184E0F /* MypageUseCase.swift in Sources */ = {isa = PBXBuildFile; fileRef = C9A6066922B26DDB00184E0F /* MypageUseCase.swift */; };
		C9A6066C22B26E1F00184E0F /* MypageRepository.swift in Sources */ = {isa = PBXBuildFile; fileRef = C9A6066B22B26E1F00184E0F /* MypageRepository.swift */; };
		C9A6066F22B2980700184E0F /* Firebase.swift in Sources */ = {isa = PBXBuildFile; fileRef = C9A6066E22B2980700184E0F /* Firebase.swift */; };
		C9A6067122B2980D00184E0F /* Const.swift in Sources */ = {isa = PBXBuildFile; fileRef = C9A6067022B2980D00184E0F /* Const.swift */; };
		C9A6067322B2A60A00184E0F /* User.swift in Sources */ = {isa = PBXBuildFile; fileRef = C9A6067222B2A60A00184E0F /* User.swift */; };
		C9A6067522B2A69D00184E0F /* UserEntity.swift in Sources */ = {isa = PBXBuildFile; fileRef = C9A6067422B2A69D00184E0F /* UserEntity.swift */; };
		C9A6067722B2A88500184E0F /* UserTranslater.swift in Sources */ = {isa = PBXBuildFile; fileRef = C9A6067622B2A88500184E0F /* UserTranslater.swift */; };
		C9A6067922B2AAB600184E0F /* UserDataStore.swift in Sources */ = {isa = PBXBuildFile; fileRef = C9A6067822B2AAB600184E0F /* UserDataStore.swift */; };
		C9AED93C22B4CDD2002D37A0 /* UnderlinedTextField.swift in Sources */ = {isa = PBXBuildFile; fileRef = C9AED93B22B4CDD2002D37A0 /* UnderlinedTextField.swift */; };
		C9B55D0B22B0FE1B00845381 /* RemindViewController.swift in Sources */ = {isa = PBXBuildFile; fileRef = C9B55D0A22B0FE1B00845381 /* RemindViewController.swift */; };
		C9B55D0D22B0FE2200845381 /* RemindUI.swift in Sources */ = {isa = PBXBuildFile; fileRef = C9B55D0C22B0FE2200845381 /* RemindUI.swift */; };
		C9B55D0F22B0FE2E00845381 /* RemingRouting.swift in Sources */ = {isa = PBXBuildFile; fileRef = C9B55D0E22B0FE2E00845381 /* RemingRouting.swift */; };
		C9B55D1222B1010200845381 /* RemindPresenter.swift in Sources */ = {isa = PBXBuildFile; fileRef = C9B55D1122B1010200845381 /* RemindPresenter.swift */; };
		C9B55D1422B1010C00845381 /* RemindPresenterImpl.swift in Sources */ = {isa = PBXBuildFile; fileRef = C9B55D1322B1010C00845381 /* RemindPresenterImpl.swift */; };
		C9B55D1622B1062600845381 /* RemindUseCase.swift in Sources */ = {isa = PBXBuildFile; fileRef = C9B55D1522B1062600845381 /* RemindUseCase.swift */; };
		C9C844B522AFADB000083280 /* LoginUseCase.swift in Sources */ = {isa = PBXBuildFile; fileRef = C9C844B422AFADB000083280 /* LoginUseCase.swift */; };
		C9CC28E922ACD892006E69E5 /* LoginInputViewController.swift in Sources */ = {isa = PBXBuildFile; fileRef = C9CC28E822ACD892006E69E5 /* LoginInputViewController.swift */; };
		C9CC28EB22ACD89D006E69E5 /* LoginInputUI.swift in Sources */ = {isa = PBXBuildFile; fileRef = C9CC28EA22ACD89D006E69E5 /* LoginInputUI.swift */; };
		C9CC28EF22AD1288006E69E5 /* LoginInputRouting.swift in Sources */ = {isa = PBXBuildFile; fileRef = C9CC28EE22AD1288006E69E5 /* LoginInputRouting.swift */; };
		C9CC28F422AD3BEB006E69E5 /* SignupInputViewController.swift in Sources */ = {isa = PBXBuildFile; fileRef = C9CC28F322AD3BEB006E69E5 /* SignupInputViewController.swift */; };
		C9CC28F622AD3BF8006E69E5 /* SignupInputUI.swift in Sources */ = {isa = PBXBuildFile; fileRef = C9CC28F522AD3BF8006E69E5 /* SignupInputUI.swift */; };
		C9CC28F822AD3C03006E69E5 /* SignupInputRouting.swift in Sources */ = {isa = PBXBuildFile; fileRef = C9CC28F722AD3C03006E69E5 /* SignupInputRouting.swift */; };
		C9CC28FB22AD505A006E69E5 /* Validate.swift in Sources */ = {isa = PBXBuildFile; fileRef = C9CC28FA22AD505A006E69E5 /* Validate.swift */; };
		C9D9010922AB44D80040390E /* AppUserDefault.swift in Sources */ = {isa = PBXBuildFile; fileRef = C9D9010822AB44D80040390E /* AppUserDefault.swift */; };
		C9D9010C22AB456D0040390E /* Date+Extension.swift in Sources */ = {isa = PBXBuildFile; fileRef = C9D9010B22AB456D0040390E /* Date+Extension.swift */; };
		C9D9010E22AB458B0040390E /* NSLayoutAnchor+Extension.swift in Sources */ = {isa = PBXBuildFile; fileRef = C9D9010D22AB458B0040390E /* NSLayoutAnchor+Extension.swift */; };
		C9D9011022AB4EE20040390E /* UIAlertAction+Extension.swift in Sources */ = {isa = PBXBuildFile; fileRef = C9D9010F22AB4EE20040390E /* UIAlertAction+Extension.swift */; };
		C9D9011222AB4F130040390E /* UIBarButtonItem+Extension.swift in Sources */ = {isa = PBXBuildFile; fileRef = C9D9011122AB4F130040390E /* UIBarButtonItem+Extension.swift */; };
		C9D9011422AB502E0040390E /* UIButton+Extension.swift in Sources */ = {isa = PBXBuildFile; fileRef = C9D9011322AB502E0040390E /* UIButton+Extension.swift */; };
		C9D9011722AB50D20040390E /* TextComponent.swift in Sources */ = {isa = PBXBuildFile; fileRef = C9D9011622AB50D20040390E /* TextComponent.swift */; };
		C9D9011922AB50FD0040390E /* UIFont+Extension.swift in Sources */ = {isa = PBXBuildFile; fileRef = C9D9011822AB50FD0040390E /* UIFont+Extension.swift */; };
		C9D9011B22AB513B0040390E /* UIColor+Extension.swift in Sources */ = {isa = PBXBuildFile; fileRef = C9D9011A22AB513B0040390E /* UIColor+Extension.swift */; };
		C9D9011D22AB51830040390E /* UILabel+Extension.swift in Sources */ = {isa = PBXBuildFile; fileRef = C9D9011C22AB51830040390E /* UILabel+Extension.swift */; };
		C9D9011F22AB51C40040390E /* UITextField+Extension.swift in Sources */ = {isa = PBXBuildFile; fileRef = C9D9011E22AB51C40040390E /* UITextField+Extension.swift */; };
		C9D9012122AB52760040390E /* UIViewController+Extension.swift in Sources */ = {isa = PBXBuildFile; fileRef = C9D9012022AB52760040390E /* UIViewController+Extension.swift */; };
		C9D9012A22AB538E0040390E /* UI.swift in Sources */ = {isa = PBXBuildFile; fileRef = C9D9012922AB538E0040390E /* UI.swift */; };
		C9D9012D22AB54220040390E /* Routing.swift in Sources */ = {isa = PBXBuildFile; fileRef = C9D9012C22AB54220040390E /* Routing.swift */; };
		C9D9013122AB55F40040390E /* LoginInputPresenter.swift in Sources */ = {isa = PBXBuildFile; fileRef = C9D9013022AB55F40040390E /* LoginInputPresenter.swift */; };
		C9D9013822AB5E480040390E /* LoginInputPresenterImpl.swift in Sources */ = {isa = PBXBuildFile; fileRef = C9D9013722AB5E480040390E /* LoginInputPresenterImpl.swift */; };
		C9D9013B22AB5E800040390E /* TopViewController.swift in Sources */ = {isa = PBXBuildFile; fileRef = C9D9013A22AB5E800040390E /* TopViewController.swift */; };
		C9D9013D22AB5E870040390E /* TopUI.swift in Sources */ = {isa = PBXBuildFile; fileRef = C9D9013C22AB5E870040390E /* TopUI.swift */; };
		C9D9014122AB77B40040390E /* VerticalStackView.swift in Sources */ = {isa = PBXBuildFile; fileRef = C9D9014022AB77B40040390E /* VerticalStackView.swift */; };
		C9D9014922AB85890040390E /* TopRouting.swift in Sources */ = {isa = PBXBuildFile; fileRef = C9D9014822AB85890040390E /* TopRouting.swift */; };
		C9ED71FE22B137C400BDB9A7 /* MypageViewController.swift in Sources */ = {isa = PBXBuildFile; fileRef = C9ED71FD22B137C400BDB9A7 /* MypageViewController.swift */; };
		C9ED720022B137CD00BDB9A7 /* MypageUI.swift in Sources */ = {isa = PBXBuildFile; fileRef = C9ED71FF22B137CD00BDB9A7 /* MypageUI.swift */; };
		C9ED720222B137D700BDB9A7 /* MypageRouting.swift in Sources */ = {isa = PBXBuildFile; fileRef = C9ED720122B137D700BDB9A7 /* MypageRouting.swift */; };
		C9ED720422B16A7700BDB9A7 /* CustomSegmentedControl.swift in Sources */ = {isa = PBXBuildFile; fileRef = C9ED720322B16A7600BDB9A7 /* CustomSegmentedControl.swift */; };
/* End PBXBuildFile section */

/* Begin PBXFileReference section */
		180FB39CDDE7BFB741E76AA9 /* Pods-Feedback-Analysis.debug.xcconfig */ = {isa = PBXFileReference; includeInIndex = 1; lastKnownFileType = text.xcconfig; name = "Pods-Feedback-Analysis.debug.xcconfig"; path = "Target Support Files/Pods-Feedback-Analysis/Pods-Feedback-Analysis.debug.xcconfig"; sourceTree = "<group>"; };
		440CE6FDB95D81B063478286 /* Pods-Feedback-Analysis.debug.xcconfig */ = {isa = PBXFileReference; includeInIndex = 1; lastKnownFileType = text.xcconfig; name = "Pods-Feedback-Analysis.debug.xcconfig"; path = "Pods/Target Support Files/Pods-Feedback-Analysis/Pods-Feedback-Analysis.debug.xcconfig"; sourceTree = "<group>"; };
		99D1C6F9B4826294E3E1CBDF /* Pods-Feedback-Analysis.release.xcconfig */ = {isa = PBXFileReference; includeInIndex = 1; lastKnownFileType = text.xcconfig; name = "Pods-Feedback-Analysis.release.xcconfig"; path = "Pods/Target Support Files/Pods-Feedback-Analysis/Pods-Feedback-Analysis.release.xcconfig"; sourceTree = "<group>"; };
		A9999A439B460BE0979C86B1 /* Pods_Feedback_Analysis.framework */ = {isa = PBXFileReference; explicitFileType = wrapper.framework; includeInIndex = 0; path = Pods_Feedback_Analysis.framework; sourceTree = BUILT_PRODUCTS_DIR; };
		C90535CA22AFBD55006B2E04 /* Provider.swift */ = {isa = PBXFileReference; lastKnownFileType = sourcecode.swift; path = Provider.swift; sourceTree = "<group>"; };
		C91FA65322B4FF84006D9E6D /* EditPresenter.swift */ = {isa = PBXFileReference; lastKnownFileType = sourcecode.swift; path = EditPresenter.swift; sourceTree = "<group>"; };
		C91FA65522B4FF8B006D9E6D /* EditPresenterImpl.swift */ = {isa = PBXFileReference; lastKnownFileType = sourcecode.swift; path = EditPresenterImpl.swift; sourceTree = "<group>"; };
		C91FA65722B50401006D9E6D /* EditUseCase.swift */ = {isa = PBXFileReference; lastKnownFileType = sourcecode.swift; path = EditUseCase.swift; sourceTree = "<group>"; };
		C91FA65A22B53F9C006D9E6D /* Update.swift */ = {isa = PBXFileReference; lastKnownFileType = sourcecode.swift; path = Update.swift; sourceTree = "<group>"; };
		C91FA65C22B5686B006D9E6D /* DateFormatter+ Extension.swift */ = {isa = PBXFileReference; lastKnownFileType = sourcecode.swift; path = "DateFormatter+ Extension.swift"; sourceTree = "<group>"; };
		C91FA65F22B577BB006D9E6D /* Residence.swift */ = {isa = PBXFileReference; lastKnownFileType = sourcecode.swift; path = Residence.swift; sourceTree = "<group>"; };
		C926CD9D22B3C417008672AA /* EditViewController.swift */ = {isa = PBXFileReference; lastKnownFileType = sourcecode.swift; path = EditViewController.swift; sourceTree = "<group>"; };
		C926CD9F22B3C41E008672AA /* EditUI.swift */ = {isa = PBXFileReference; lastKnownFileType = sourcecode.swift; path = EditUI.swift; sourceTree = "<group>"; };
		C926CDA122B3C425008672AA /* EditRouting.swift */ = {isa = PBXFileReference; lastKnownFileType = sourcecode.swift; path = EditRouting.swift; sourceTree = "<group>"; };
		C94F080E22ABEBF800BF3534 /* UIVIew+Extension.swift */ = {isa = PBXFileReference; lastKnownFileType = sourcecode.swift; path = "UIVIew+Extension.swift"; sourceTree = "<group>"; };
		C95ADECF22AB141D00D851A0 /* R.generated.swift */ = {isa = PBXFileReference; fileEncoding = 4; lastKnownFileType = sourcecode.swift; path = R.generated.swift; sourceTree = SOURCE_ROOT; };
		C95E08AA22B11750000C41C7 /* MainTabController.swift */ = {isa = PBXFileReference; lastKnownFileType = sourcecode.swift; path = MainTabController.swift; sourceTree = "<group>"; };
		C97DDD7A22AD543F00A84219 /* SignupInputPresenter.swift */ = {isa = PBXFileReference; lastKnownFileType = sourcecode.swift; path = SignupInputPresenter.swift; sourceTree = "<group>"; };
		C97DDD7C22AD544E00A84219 /* SignupInputPresenterImpl.swift */ = {isa = PBXFileReference; lastKnownFileType = sourcecode.swift; path = SignupInputPresenterImpl.swift; sourceTree = "<group>"; };
		C97DDD7E22AD550F00A84219 /* Presenter.swift */ = {isa = PBXFileReference; lastKnownFileType = sourcecode.swift; path = Presenter.swift; sourceTree = "<group>"; };
		C97DDD8122AD71C100A84219 /* SignupUseCase.swift */ = {isa = PBXFileReference; lastKnownFileType = sourcecode.swift; path = SignupUseCase.swift; sourceTree = "<group>"; };
		C97DDD8422AD74C900A84219 /* Account.swift */ = {isa = PBXFileReference; lastKnownFileType = sourcecode.swift; path = Account.swift; sourceTree = "<group>"; };
		C97DDD8A22AD755B00A84219 /* AccountEntity.swift */ = {isa = PBXFileReference; lastKnownFileType = sourcecode.swift; path = AccountEntity.swift; sourceTree = "<group>"; };
		C97DDD8D22AD82AC00A84219 /* AccountRepository.swift */ = {isa = PBXFileReference; lastKnownFileType = sourcecode.swift; path = AccountRepository.swift; sourceTree = "<group>"; };
		C97DDD9022AD83CC00A84219 /* AccountTranslator.swift */ = {isa = PBXFileReference; lastKnownFileType = sourcecode.swift; path = AccountTranslator.swift; sourceTree = "<group>"; };
		C97DDD9222AD85ED00A84219 /* Translator.swift */ = {isa = PBXFileReference; lastKnownFileType = sourcecode.swift; path = Translator.swift; sourceTree = "<group>"; };
		C97DDD9522AD879800A84219 /* AccountDataStore.swift */ = {isa = PBXFileReference; lastKnownFileType = sourcecode.swift; path = AccountDataStore.swift; sourceTree = "<group>"; };
		C97F9D0D22A6CCAA000779EF /* GoogleService-Info.plist */ = {isa = PBXFileReference; fileEncoding = 4; lastKnownFileType = text.plist.xml; path = "GoogleService-Info.plist"; sourceTree = "<group>"; };
		C9A1573122A6CA1F00D7D047 /* Feedback-Analysis.app */ = {isa = PBXFileReference; explicitFileType = wrapper.application; includeInIndex = 0; path = "Feedback-Analysis.app"; sourceTree = BUILT_PRODUCTS_DIR; };
		C9A1573422A6CA1F00D7D047 /* AppDelegate.swift */ = {isa = PBXFileReference; lastKnownFileType = sourcecode.swift; path = AppDelegate.swift; sourceTree = "<group>"; };
		C9A1573B22A6CA2000D7D047 /* Assets.xcassets */ = {isa = PBXFileReference; lastKnownFileType = folder.assetcatalog; path = Assets.xcassets; sourceTree = "<group>"; };
		C9A1573E22A6CA2000D7D047 /* Base */ = {isa = PBXFileReference; lastKnownFileType = file.storyboard; name = Base; path = Base.lproj/LaunchScreen.storyboard; sourceTree = "<group>"; };
		C9A1574022A6CA2000D7D047 /* Info.plist */ = {isa = PBXFileReference; lastKnownFileType = text.plist.xml; path = Info.plist; sourceTree = "<group>"; };
		C9A6065822B1DF8700184E0F /* TimelineCell.swift */ = {isa = PBXFileReference; lastKnownFileType = sourcecode.swift; path = TimelineCell.swift; sourceTree = "<group>"; };
		C9A6065A22B2633600184E0F /* UIStackView+Extension.swift */ = {isa = PBXFileReference; lastKnownFileType = sourcecode.swift; path = "UIStackView+Extension.swift"; sourceTree = "<group>"; };
		C9A6065C22B2643F00184E0F /* TimelineCell+Extension.swift */ = {isa = PBXFileReference; lastKnownFileType = sourcecode.swift; path = "TimelineCell+Extension.swift"; sourceTree = "<group>"; };
		C9A6066022B2676B00184E0F /* MypagePresenter.swift */ = {isa = PBXFileReference; lastKnownFileType = sourcecode.swift; path = MypagePresenter.swift; sourceTree = "<group>"; };
		C9A6066622B26CCB00184E0F /* MypagePresenterImpl.swift */ = {isa = PBXFileReference; lastKnownFileType = sourcecode.swift; path = MypagePresenterImpl.swift; sourceTree = "<group>"; };
		C9A6066922B26DDB00184E0F /* MypageUseCase.swift */ = {isa = PBXFileReference; lastKnownFileType = sourcecode.swift; path = MypageUseCase.swift; sourceTree = "<group>"; };
		C9A6066B22B26E1F00184E0F /* MypageRepository.swift */ = {isa = PBXFileReference; lastKnownFileType = sourcecode.swift; path = MypageRepository.swift; sourceTree = "<group>"; };
		C9A6066E22B2980700184E0F /* Firebase.swift */ = {isa = PBXFileReference; lastKnownFileType = sourcecode.swift; path = Firebase.swift; sourceTree = "<group>"; };
		C9A6067022B2980D00184E0F /* Const.swift */ = {isa = PBXFileReference; lastKnownFileType = sourcecode.swift; path = Const.swift; sourceTree = "<group>"; };
		C9A6067222B2A60A00184E0F /* User.swift */ = {isa = PBXFileReference; lastKnownFileType = sourcecode.swift; path = User.swift; sourceTree = "<group>"; };
		C9A6067422B2A69D00184E0F /* UserEntity.swift */ = {isa = PBXFileReference; lastKnownFileType = sourcecode.swift; path = UserEntity.swift; sourceTree = "<group>"; };
		C9A6067622B2A88500184E0F /* UserTranslater.swift */ = {isa = PBXFileReference; lastKnownFileType = sourcecode.swift; path = UserTranslater.swift; sourceTree = "<group>"; };
		C9A6067822B2AAB600184E0F /* UserDataStore.swift */ = {isa = PBXFileReference; lastKnownFileType = sourcecode.swift; path = UserDataStore.swift; sourceTree = "<group>"; };
		C9AED93B22B4CDD2002D37A0 /* UnderlinedTextField.swift */ = {isa = PBXFileReference; lastKnownFileType = sourcecode.swift; path = UnderlinedTextField.swift; sourceTree = "<group>"; };
		C9B55D0A22B0FE1B00845381 /* RemindViewController.swift */ = {isa = PBXFileReference; lastKnownFileType = sourcecode.swift; path = RemindViewController.swift; sourceTree = "<group>"; };
		C9B55D0C22B0FE2200845381 /* RemindUI.swift */ = {isa = PBXFileReference; lastKnownFileType = sourcecode.swift; path = RemindUI.swift; sourceTree = "<group>"; };
		C9B55D0E22B0FE2E00845381 /* RemingRouting.swift */ = {isa = PBXFileReference; lastKnownFileType = sourcecode.swift; path = RemingRouting.swift; sourceTree = "<group>"; };
		C9B55D1122B1010200845381 /* RemindPresenter.swift */ = {isa = PBXFileReference; lastKnownFileType = sourcecode.swift; path = RemindPresenter.swift; sourceTree = "<group>"; };
		C9B55D1322B1010C00845381 /* RemindPresenterImpl.swift */ = {isa = PBXFileReference; lastKnownFileType = sourcecode.swift; path = RemindPresenterImpl.swift; sourceTree = "<group>"; };
		C9B55D1522B1062600845381 /* RemindUseCase.swift */ = {isa = PBXFileReference; lastKnownFileType = sourcecode.swift; path = RemindUseCase.swift; sourceTree = "<group>"; };
		C9C844B422AFADB000083280 /* LoginUseCase.swift */ = {isa = PBXFileReference; lastKnownFileType = sourcecode.swift; path = LoginUseCase.swift; sourceTree = "<group>"; };
		C9CC28E822ACD892006E69E5 /* LoginInputViewController.swift */ = {isa = PBXFileReference; lastKnownFileType = sourcecode.swift; path = LoginInputViewController.swift; sourceTree = "<group>"; };
		C9CC28EA22ACD89D006E69E5 /* LoginInputUI.swift */ = {isa = PBXFileReference; lastKnownFileType = sourcecode.swift; path = LoginInputUI.swift; sourceTree = "<group>"; };
		C9CC28EE22AD1288006E69E5 /* LoginInputRouting.swift */ = {isa = PBXFileReference; lastKnownFileType = sourcecode.swift; path = LoginInputRouting.swift; sourceTree = "<group>"; };
		C9CC28F322AD3BEB006E69E5 /* SignupInputViewController.swift */ = {isa = PBXFileReference; lastKnownFileType = sourcecode.swift; path = SignupInputViewController.swift; sourceTree = "<group>"; };
		C9CC28F522AD3BF8006E69E5 /* SignupInputUI.swift */ = {isa = PBXFileReference; lastKnownFileType = sourcecode.swift; path = SignupInputUI.swift; sourceTree = "<group>"; };
		C9CC28F722AD3C03006E69E5 /* SignupInputRouting.swift */ = {isa = PBXFileReference; lastKnownFileType = sourcecode.swift; path = SignupInputRouting.swift; sourceTree = "<group>"; };
		C9CC28FA22AD505A006E69E5 /* Validate.swift */ = {isa = PBXFileReference; lastKnownFileType = sourcecode.swift; path = Validate.swift; sourceTree = "<group>"; };
		C9D9010822AB44D80040390E /* AppUserDefault.swift */ = {isa = PBXFileReference; lastKnownFileType = sourcecode.swift; path = AppUserDefault.swift; sourceTree = "<group>"; };
		C9D9010B22AB456D0040390E /* Date+Extension.swift */ = {isa = PBXFileReference; lastKnownFileType = sourcecode.swift; path = "Date+Extension.swift"; sourceTree = "<group>"; };
		C9D9010D22AB458B0040390E /* NSLayoutAnchor+Extension.swift */ = {isa = PBXFileReference; lastKnownFileType = sourcecode.swift; path = "NSLayoutAnchor+Extension.swift"; sourceTree = "<group>"; };
		C9D9010F22AB4EE20040390E /* UIAlertAction+Extension.swift */ = {isa = PBXFileReference; lastKnownFileType = sourcecode.swift; path = "UIAlertAction+Extension.swift"; sourceTree = "<group>"; };
		C9D9011122AB4F130040390E /* UIBarButtonItem+Extension.swift */ = {isa = PBXFileReference; lastKnownFileType = sourcecode.swift; path = "UIBarButtonItem+Extension.swift"; sourceTree = "<group>"; };
		C9D9011322AB502E0040390E /* UIButton+Extension.swift */ = {isa = PBXFileReference; lastKnownFileType = sourcecode.swift; path = "UIButton+Extension.swift"; sourceTree = "<group>"; };
		C9D9011622AB50D20040390E /* TextComponent.swift */ = {isa = PBXFileReference; lastKnownFileType = sourcecode.swift; path = TextComponent.swift; sourceTree = "<group>"; };
		C9D9011822AB50FD0040390E /* UIFont+Extension.swift */ = {isa = PBXFileReference; lastKnownFileType = sourcecode.swift; path = "UIFont+Extension.swift"; sourceTree = "<group>"; };
		C9D9011A22AB513B0040390E /* UIColor+Extension.swift */ = {isa = PBXFileReference; lastKnownFileType = sourcecode.swift; path = "UIColor+Extension.swift"; sourceTree = "<group>"; };
		C9D9011C22AB51830040390E /* UILabel+Extension.swift */ = {isa = PBXFileReference; lastKnownFileType = sourcecode.swift; path = "UILabel+Extension.swift"; sourceTree = "<group>"; };
		C9D9011E22AB51C40040390E /* UITextField+Extension.swift */ = {isa = PBXFileReference; lastKnownFileType = sourcecode.swift; path = "UITextField+Extension.swift"; sourceTree = "<group>"; };
		C9D9012022AB52760040390E /* UIViewController+Extension.swift */ = {isa = PBXFileReference; lastKnownFileType = sourcecode.swift; path = "UIViewController+Extension.swift"; sourceTree = "<group>"; };
		C9D9012922AB538E0040390E /* UI.swift */ = {isa = PBXFileReference; lastKnownFileType = sourcecode.swift; path = UI.swift; sourceTree = "<group>"; };
		C9D9012C22AB54220040390E /* Routing.swift */ = {isa = PBXFileReference; lastKnownFileType = sourcecode.swift; path = Routing.swift; sourceTree = "<group>"; };
		C9D9013022AB55F40040390E /* LoginInputPresenter.swift */ = {isa = PBXFileReference; lastKnownFileType = sourcecode.swift; path = LoginInputPresenter.swift; sourceTree = "<group>"; };
		C9D9013722AB5E480040390E /* LoginInputPresenterImpl.swift */ = {isa = PBXFileReference; lastKnownFileType = sourcecode.swift; path = LoginInputPresenterImpl.swift; sourceTree = "<group>"; };
		C9D9013A22AB5E800040390E /* TopViewController.swift */ = {isa = PBXFileReference; lastKnownFileType = sourcecode.swift; path = TopViewController.swift; sourceTree = "<group>"; };
		C9D9013C22AB5E870040390E /* TopUI.swift */ = {isa = PBXFileReference; lastKnownFileType = sourcecode.swift; path = TopUI.swift; sourceTree = "<group>"; };
		C9D9014022AB77B40040390E /* VerticalStackView.swift */ = {isa = PBXFileReference; lastKnownFileType = sourcecode.swift; path = VerticalStackView.swift; sourceTree = "<group>"; };
		C9D9014822AB85890040390E /* TopRouting.swift */ = {isa = PBXFileReference; lastKnownFileType = sourcecode.swift; path = TopRouting.swift; sourceTree = "<group>"; };
		C9ED71FD22B137C400BDB9A7 /* MypageViewController.swift */ = {isa = PBXFileReference; lastKnownFileType = sourcecode.swift; path = MypageViewController.swift; sourceTree = "<group>"; };
		C9ED71FF22B137CD00BDB9A7 /* MypageUI.swift */ = {isa = PBXFileReference; lastKnownFileType = sourcecode.swift; path = MypageUI.swift; sourceTree = "<group>"; };
		C9ED720122B137D700BDB9A7 /* MypageRouting.swift */ = {isa = PBXFileReference; lastKnownFileType = sourcecode.swift; path = MypageRouting.swift; sourceTree = "<group>"; };
		C9ED720322B16A7600BDB9A7 /* CustomSegmentedControl.swift */ = {isa = PBXFileReference; lastKnownFileType = sourcecode.swift; path = CustomSegmentedControl.swift; sourceTree = "<group>"; };
		DF2047041B81E420DAE3BDD1 /* Pods-Feedback-Analysis.release.xcconfig */ = {isa = PBXFileReference; includeInIndex = 1; lastKnownFileType = text.xcconfig; name = "Pods-Feedback-Analysis.release.xcconfig"; path = "Target Support Files/Pods-Feedback-Analysis/Pods-Feedback-Analysis.release.xcconfig"; sourceTree = "<group>"; };
/* End PBXFileReference section */

/* Begin PBXFrameworksBuildPhase section */
		C9A1572E22A6CA1F00D7D047 /* Frameworks */ = {
			isa = PBXFrameworksBuildPhase;
			buildActionMask = 2147483647;
			files = (
				602744EA86362BCEAE02995D /* Pods_Feedback_Analysis.framework in Frameworks */,
			);
			runOnlyForDeploymentPostprocessing = 0;
		};
/* End PBXFrameworksBuildPhase section */

/* Begin PBXGroup section */
		304ACA300FB7307C07CC7B4D /* Pods */ = {
			isa = PBXGroup;
			children = (
				180FB39CDDE7BFB741E76AA9 /* Pods-Feedback-Analysis.debug.xcconfig */,
				DF2047041B81E420DAE3BDD1 /* Pods-Feedback-Analysis.release.xcconfig */,
				440CE6FDB95D81B063478286 /* Pods-Feedback-Analysis.debug.xcconfig */,
				99D1C6F9B4826294E3E1CBDF /* Pods-Feedback-Analysis.release.xcconfig */,
			);
			path = Pods;
			sourceTree = "<group>";
		};
		C90535C922AFBD33006B2E04 /* Provider */ = {
			isa = PBXGroup;
			children = (
				C90535CA22AFBD55006B2E04 /* Provider.swift */,
			);
			path = Provider;
			sourceTree = "<group>";
		};
		C91FA65222B4FF78006D9E6D /* Edit */ = {
			isa = PBXGroup;
			children = (
				C91FA65322B4FF84006D9E6D /* EditPresenter.swift */,
				C91FA65522B4FF8B006D9E6D /* EditPresenterImpl.swift */,
			);
			path = Edit;
			sourceTree = "<group>";
		};
		C91FA65922B53F67006D9E6D /* Model */ = {
			isa = PBXGroup;
			children = (
				C91FA65A22B53F9C006D9E6D /* Update.swift */,
			);
			path = Model;
			sourceTree = "<group>";
		};
		C91FA65E22B5778E006D9E6D /* Const */ = {
			isa = PBXGroup;
			children = (
				C91FA65F22B577BB006D9E6D /* Residence.swift */,
			);
			path = Const;
			sourceTree = "<group>";
		};
		C95E08A922B116EF000C41C7 /* MainTab */ = {
			isa = PBXGroup;
			children = (
				C95E08AA22B11750000C41C7 /* MainTabController.swift */,
			);
			path = MainTab;
			sourceTree = "<group>";
		};
		C97DDD7822AD541F00A84219 /* LoginInput */ = {
			isa = PBXGroup;
			children = (
				C9D9013022AB55F40040390E /* LoginInputPresenter.swift */,
				C9D9013722AB5E480040390E /* LoginInputPresenterImpl.swift */,
			);
			path = LoginInput;
			sourceTree = "<group>";
		};
		C97DDD7922AD542900A84219 /* SignupInput */ = {
			isa = PBXGroup;
			children = (
				C97DDD7A22AD543F00A84219 /* SignupInputPresenter.swift */,
				C97DDD7C22AD544E00A84219 /* SignupInputPresenterImpl.swift */,
			);
			path = SignupInput;
			sourceTree = "<group>";
		};
		C97DDD8022AD71A700A84219 /* UseCase */ = {
			isa = PBXGroup;
			children = (
				C97DDD8122AD71C100A84219 /* SignupUseCase.swift */,
				C9C844B422AFADB000083280 /* LoginUseCase.swift */,
				C9B55D1522B1062600845381 /* RemindUseCase.swift */,
				C9A6066922B26DDB00184E0F /* MypageUseCase.swift */,
				C91FA65722B50401006D9E6D /* EditUseCase.swift */,
			);
			path = UseCase;
			sourceTree = "<group>";
		};
		C97DDD8322AD74B800A84219 /* Model */ = {
			isa = PBXGroup;
			children = (
				C97DDD8422AD74C900A84219 /* Account.swift */,
				C9A6067222B2A60A00184E0F /* User.swift */,
			);
			path = Model;
			sourceTree = "<group>";
		};
		C97DDD8922AD755500A84219 /* Entity */ = {
			isa = PBXGroup;
			children = (
				C97DDD8A22AD755B00A84219 /* AccountEntity.swift */,
				C9A6067422B2A69D00184E0F /* UserEntity.swift */,
			);
			path = Entity;
			sourceTree = "<group>";
		};
		C97DDD8C22AD829B00A84219 /* Repository */ = {
			isa = PBXGroup;
			children = (
				C97DDD8D22AD82AC00A84219 /* AccountRepository.swift */,
				C9A6066B22B26E1F00184E0F /* MypageRepository.swift */,
			);
			path = Repository;
			sourceTree = "<group>";
		};
		C97DDD8F22AD83B100A84219 /* Translator */ = {
			isa = PBXGroup;
			children = (
				C97DDD9222AD85ED00A84219 /* Translator.swift */,
				C97DDD9022AD83CC00A84219 /* AccountTranslator.swift */,
				C9A6067622B2A88500184E0F /* UserTranslater.swift */,
			);
			path = Translator;
			sourceTree = "<group>";
		};
		C97DDD9422AD878900A84219 /* DataStore */ = {
			isa = PBXGroup;
			children = (
				C97DDD9522AD879800A84219 /* AccountDataStore.swift */,
				C9A6067822B2AAB600184E0F /* UserDataStore.swift */,
			);
			path = DataStore;
			sourceTree = "<group>";
		};
		C9A1572822A6CA1F00D7D047 = {
			isa = PBXGroup;
			children = (
				C9A1573322A6CA1F00D7D047 /* Feedback-Analysis */,
				C9A1573222A6CA1F00D7D047 /* Products */,
				304ACA300FB7307C07CC7B4D /* Pods */,
				CAAD1932AE5B4EA8D832F051 /* Frameworks */,
			);
			sourceTree = "<group>";
		};
		C9A1573222A6CA1F00D7D047 /* Products */ = {
			isa = PBXGroup;
			children = (
				C9A1573122A6CA1F00D7D047 /* Feedback-Analysis.app */,
			);
			name = Products;
			sourceTree = "<group>";
		};
		C9A1573322A6CA1F00D7D047 /* Feedback-Analysis */ = {
			isa = PBXGroup;
			children = (
				C9A1573422A6CA1F00D7D047 /* AppDelegate.swift */,
				C95ADECF22AB141D00D851A0 /* R.generated.swift */,
				C9D9010322AB44150040390E /* Utility */,
				C9D9010422AB44270040390E /* DataLayer */,
				C9D9010522AB44390040390E /* DomainLayer */,
				C9D9010622AB44400040390E /* Presentation */,
				C9A1573B22A6CA2000D7D047 /* Assets.xcassets */,
				C91FA65E22B5778E006D9E6D /* Const */,
				C9A1573D22A6CA2000D7D047 /* LaunchScreen.storyboard */,
				C97F9D0D22A6CCAA000779EF /* GoogleService-Info.plist */,
				C9A1574022A6CA2000D7D047 /* Info.plist */,
			);
			path = "Feedback-Analysis";
			sourceTree = "<group>";
		};
		C9A6065722B1DF6000184E0F /* Cell */ = {
			isa = PBXGroup;
			children = (
				C9A6065822B1DF8700184E0F /* TimelineCell.swift */,
			);
			path = Cell;
			sourceTree = "<group>";
		};
		C9A6066822B26D9800184E0F /* Mypage */ = {
			isa = PBXGroup;
			children = (
				C9A6066022B2676B00184E0F /* MypagePresenter.swift */,
				C9A6066622B26CCB00184E0F /* MypagePresenterImpl.swift */,
				C91FA65222B4FF78006D9E6D /* Edit */,
			);
			path = Mypage;
			sourceTree = "<group>";
		};
		C9A6066D22B297E600184E0F /* Const */ = {
			isa = PBXGroup;
			children = (
				C9A6066E22B2980700184E0F /* Firebase.swift */,
				C9A6067022B2980D00184E0F /* Const.swift */,
			);
			path = Const;
			sourceTree = "<group>";
		};
		C9A6067A22B3C3C000184E0F /* Edit */ = {
			isa = PBXGroup;
			children = (
				C926CD9D22B3C417008672AA /* EditViewController.swift */,
				C926CD9F22B3C41E008672AA /* EditUI.swift */,
				C926CDA122B3C425008672AA /* EditRouting.swift */,
			);
			path = Edit;
			sourceTree = "<group>";
		};
		C9B55D0922B0FE0700845381 /* Remind */ = {
			isa = PBXGroup;
			children = (
				C9B55D0A22B0FE1B00845381 /* RemindViewController.swift */,
				C9B55D0C22B0FE2200845381 /* RemindUI.swift */,
				C9B55D0E22B0FE2E00845381 /* RemingRouting.swift */,
			);
			path = Remind;
			sourceTree = "<group>";
		};
		C9B55D1022B100F100845381 /* Remind */ = {
			isa = PBXGroup;
			children = (
				C9B55D1122B1010200845381 /* RemindPresenter.swift */,
				C9B55D1322B1010C00845381 /* RemindPresenterImpl.swift */,
			);
			path = Remind;
			sourceTree = "<group>";
		};
		C9CC28E622ACD03A006E69E5 /* LoginInput */ = {
			isa = PBXGroup;
			children = (
				C9CC28E822ACD892006E69E5 /* LoginInputViewController.swift */,
				C9CC28EA22ACD89D006E69E5 /* LoginInputUI.swift */,
				C9CC28EE22AD1288006E69E5 /* LoginInputRouting.swift */,
			);
			name = LoginInput;
			path = AccountInput/LoginInput;
			sourceTree = "<group>";
		};
		C9CC28E722ACD045006E69E5 /* SignupInput */ = {
			isa = PBXGroup;
			children = (
				C9CC28F322AD3BEB006E69E5 /* SignupInputViewController.swift */,
				C9CC28F522AD3BF8006E69E5 /* SignupInputUI.swift */,
				C9CC28F722AD3C03006E69E5 /* SignupInputRouting.swift */,
			);
			name = SignupInput;
			path = AccountInput/SignupInput;
			sourceTree = "<group>";
		};
		C9CC28F922AD5024006E69E5 /* Service */ = {
			isa = PBXGroup;
			children = (
				C9CC28FA22AD505A006E69E5 /* Validate.swift */,
			);
			path = Service;
			sourceTree = "<group>";
		};
		C9D9010322AB44150040390E /* Utility */ = {
			isa = PBXGroup;
			children = (
				C9A6066D22B297E600184E0F /* Const */,
				C9CC28F922AD5024006E69E5 /* Service */,
				C9D9013F22AB77890040390E /* Custom */,
				C9D9013E22AB685D0040390E /* Maker */,
				C9D9011522AB50BC0040390E /* Widget */,
				C9D9010722AB44C90040390E /* Util */,
				C9D9010A22AB45570040390E /* Extensions */,
			);
			path = Utility;
			sourceTree = "<group>";
		};
		C9D9010422AB44270040390E /* DataLayer */ = {
			isa = PBXGroup;
			children = (
				C90535C922AFBD33006B2E04 /* Provider */,
				C97DDD9422AD878900A84219 /* DataStore */,
				C97DDD8C22AD829B00A84219 /* Repository */,
				C97DDD8922AD755500A84219 /* Entity */,
			);
			path = DataLayer;
			sourceTree = "<group>";
		};
		C9D9010522AB44390040390E /* DomainLayer */ = {
			isa = PBXGroup;
			children = (
				C97DDD8022AD71A700A84219 /* UseCase */,
				C97DDD8F22AD83B100A84219 /* Translator */,
				C97DDD8322AD74B800A84219 /* Model */,
			);
			path = DomainLayer;
			sourceTree = "<group>";
		};
		C9D9010622AB44400040390E /* Presentation */ = {
			isa = PBXGroup;
			children = (
				C91FA65922B53F67006D9E6D /* Model */,
				C9A6065722B1DF6000184E0F /* Cell */,
				C9D9012822AB53800040390E /* UI */,
				C9D9012B22AB54180040390E /* Routing */,
				C9D9012E22AB55C90040390E /* Presenter */,
				C9D9013922AB5E700040390E /* Top */,
				C9D9012222AB532A0040390E /* Account */,
				C95E08A922B116EF000C41C7 /* MainTab */,
				C9ED71FC22B1375300BDB9A7 /* Mypage */,
			);
			path = Presentation;
			sourceTree = "<group>";
		};
		C9D9010722AB44C90040390E /* Util */ = {
			isa = PBXGroup;
			children = (
				C9D9010822AB44D80040390E /* AppUserDefault.swift */,
			);
			path = Util;
			sourceTree = "<group>";
		};
		C9D9010A22AB45570040390E /* Extensions */ = {
			isa = PBXGroup;
			children = (
				C9D9010B22AB456D0040390E /* Date+Extension.swift */,
				C91FA65C22B5686B006D9E6D /* DateFormatter+ Extension.swift */,
				C9D9010D22AB458B0040390E /* NSLayoutAnchor+Extension.swift */,
				C9D9010F22AB4EE20040390E /* UIAlertAction+Extension.swift */,
				C9D9011122AB4F130040390E /* UIBarButtonItem+Extension.swift */,
				C9D9011322AB502E0040390E /* UIButton+Extension.swift */,
				C9D9011822AB50FD0040390E /* UIFont+Extension.swift */,
				C9D9011A22AB513B0040390E /* UIColor+Extension.swift */,
				C9D9011C22AB51830040390E /* UILabel+Extension.swift */,
				C9D9011E22AB51C40040390E /* UITextField+Extension.swift */,
				C9D9012022AB52760040390E /* UIViewController+Extension.swift */,
				C94F080E22ABEBF800BF3534 /* UIVIew+Extension.swift */,
				C9A6065A22B2633600184E0F /* UIStackView+Extension.swift */,
				C9A6065C22B2643F00184E0F /* TimelineCell+Extension.swift */,
			);
			path = Extensions;
			sourceTree = "<group>";
		};
		C9D9011522AB50BC0040390E /* Widget */ = {
			isa = PBXGroup;
			children = (
				C9D9011622AB50D20040390E /* TextComponent.swift */,
			);
			path = Widget;
			sourceTree = "<group>";
		};
		C9D9012222AB532A0040390E /* Account */ = {
			isa = PBXGroup;
			children = (
				C9CC28E622ACD03A006E69E5 /* LoginInput */,
				C9CC28E722ACD045006E69E5 /* SignupInput */,
				C9B55D0922B0FE0700845381 /* Remind */,
			);
			path = Account;
			sourceTree = "<group>";
		};
		C9D9012822AB53800040390E /* UI */ = {
			isa = PBXGroup;
			children = (
				C9D9012922AB538E0040390E /* UI.swift */,
			);
			path = UI;
			sourceTree = "<group>";
		};
		C9D9012B22AB54180040390E /* Routing */ = {
			isa = PBXGroup;
			children = (
				C9D9012C22AB54220040390E /* Routing.swift */,
			);
			path = Routing;
			sourceTree = "<group>";
		};
		C9D9012E22AB55C90040390E /* Presenter */ = {
			isa = PBXGroup;
			children = (
				C97DDD7E22AD550F00A84219 /* Presenter.swift */,
				C9D9012F22AB55DE0040390E /* Account */,
				C9A6066822B26D9800184E0F /* Mypage */,
			);
			path = Presenter;
			sourceTree = "<group>";
		};
		C9D9012F22AB55DE0040390E /* Account */ = {
			isa = PBXGroup;
			children = (
				C97DDD7822AD541F00A84219 /* LoginInput */,
				C97DDD7922AD542900A84219 /* SignupInput */,
				C9B55D1022B100F100845381 /* Remind */,
			);
			path = Account;
			sourceTree = "<group>";
		};
		C9D9013922AB5E700040390E /* Top */ = {
			isa = PBXGroup;
			children = (
				C9D9013A22AB5E800040390E /* TopViewController.swift */,
				C9D9013C22AB5E870040390E /* TopUI.swift */,
				C9D9014822AB85890040390E /* TopRouting.swift */,
			);
			path = Top;
			sourceTree = "<group>";
		};
		C9D9013E22AB685D0040390E /* Maker */ = {
			isa = PBXGroup;
			children = (
			);
			path = Maker;
			sourceTree = "<group>";
		};
		C9D9013F22AB77890040390E /* Custom */ = {
			isa = PBXGroup;
			children = (
				C9D9014022AB77B40040390E /* VerticalStackView.swift */,
				C9ED720322B16A7600BDB9A7 /* CustomSegmentedControl.swift */,
				C9AED93B22B4CDD2002D37A0 /* UnderlinedTextField.swift */,
			);
			path = Custom;
			sourceTree = "<group>";
		};
		C9ED71FC22B1375300BDB9A7 /* Mypage */ = {
			isa = PBXGroup;
			children = (
				C9ED71FD22B137C400BDB9A7 /* MypageViewController.swift */,
				C9ED71FF22B137CD00BDB9A7 /* MypageUI.swift */,
				C9ED720122B137D700BDB9A7 /* MypageRouting.swift */,
				C9A6067A22B3C3C000184E0F /* Edit */,
			);
			path = Mypage;
			sourceTree = "<group>";
		};
		CAAD1932AE5B4EA8D832F051 /* Frameworks */ = {
			isa = PBXGroup;
			children = (
				A9999A439B460BE0979C86B1 /* Pods_Feedback_Analysis.framework */,
			);
			name = Frameworks;
			sourceTree = "<group>";
		};
/* End PBXGroup section */

/* Begin PBXNativeTarget section */
		C9A1573022A6CA1F00D7D047 /* Feedback-Analysis */ = {
			isa = PBXNativeTarget;
			buildConfigurationList = C9A1574322A6CA2000D7D047 /* Build configuration list for PBXNativeTarget "Feedback-Analysis" */;
			buildPhases = (
				E3B58FDDF4F93A274420F34B /* [CP] Check Pods Manifest.lock */,
				C9A1572D22A6CA1F00D7D047 /* Sources */,
				C97F9D0F22A6D034000779EF /* ShellScript */,
				C9A1572E22A6CA1F00D7D047 /* Frameworks */,
				C9A1572F22A6CA1F00D7D047 /* Resources */,
				BD7E074553487826C4AE63D1 /* [CP] Embed Pods Frameworks */,
			);
			buildRules = (
			);
			dependencies = (
			);
			name = "Feedback-Analysis";
			productName = "Feedback-Analysis";
			productReference = C9A1573122A6CA1F00D7D047 /* Feedback-Analysis.app */;
			productType = "com.apple.product-type.application";
		};
/* End PBXNativeTarget section */

/* Begin PBXProject section */
		C9A1572922A6CA1F00D7D047 /* Project object */ = {
			isa = PBXProject;
			attributes = {
				LastSwiftUpdateCheck = 1020;
				LastUpgradeCheck = 1020;
				ORGANIZATIONNAME = Swifter;
				TargetAttributes = {
					C9A1573022A6CA1F00D7D047 = {
						CreatedOnToolsVersion = 10.2.1;
					};
				};
			};
			buildConfigurationList = C9A1572C22A6CA1F00D7D047 /* Build configuration list for PBXProject "Feedback-Analysis" */;
			compatibilityVersion = "Xcode 9.3";
			developmentRegion = en;
			hasScannedForEncodings = 0;
			knownRegions = (
				en,
				Base,
			);
			mainGroup = C9A1572822A6CA1F00D7D047;
			productRefGroup = C9A1573222A6CA1F00D7D047 /* Products */;
			projectDirPath = "";
			projectRoot = "";
			targets = (
				C9A1573022A6CA1F00D7D047 /* Feedback-Analysis */,
			);
		};
/* End PBXProject section */

/* Begin PBXResourcesBuildPhase section */
		C9A1572F22A6CA1F00D7D047 /* Resources */ = {
			isa = PBXResourcesBuildPhase;
			buildActionMask = 2147483647;
			files = (
				C9A1573F22A6CA2000D7D047 /* LaunchScreen.storyboard in Resources */,
				C97F9D0E22A6CCAA000779EF /* GoogleService-Info.plist in Resources */,
				C9A1573C22A6CA2000D7D047 /* Assets.xcassets in Resources */,
			);
			runOnlyForDeploymentPostprocessing = 0;
		};
/* End PBXResourcesBuildPhase section */

/* Begin PBXShellScriptBuildPhase section */
		BD7E074553487826C4AE63D1 /* [CP] Embed Pods Frameworks */ = {
			isa = PBXShellScriptBuildPhase;
			buildActionMask = 2147483647;
			files = (
			);
			inputFileListPaths = (
				"${PODS_ROOT}/Target Support Files/Pods-Feedback-Analysis/Pods-Feedback-Analysis-frameworks-${CONFIGURATION}-input-files.xcfilelist",
			);
			name = "[CP] Embed Pods Frameworks";
			outputFileListPaths = (
				"${PODS_ROOT}/Target Support Files/Pods-Feedback-Analysis/Pods-Feedback-Analysis-frameworks-${CONFIGURATION}-output-files.xcfilelist",
			);
			runOnlyForDeploymentPostprocessing = 0;
			shellPath = /bin/sh;
			shellScript = "\"${PODS_ROOT}/Target Support Files/Pods-Feedback-Analysis/Pods-Feedback-Analysis-frameworks.sh\"\n";
			showEnvVarsInLog = 0;
		};
		C97F9D0F22A6D034000779EF /* ShellScript */ = {
			isa = PBXShellScriptBuildPhase;
			buildActionMask = 2147483647;
			files = (
			);
			inputFileListPaths = (
			);
			inputPaths = (
				"$TEMP_DIR/rswift-lastrun",
			);
			outputFileListPaths = (
			);
			outputPaths = (
				$SRCROOT/R.generated.swift,
			);
			runOnlyForDeploymentPostprocessing = 0;
			shellPath = /bin/sh;
			shellScript = "\"$PODS_ROOT/R.swift/rswift\" generate \"$SRCROOT/R.generated.swift\"\n";
		};
		E3B58FDDF4F93A274420F34B /* [CP] Check Pods Manifest.lock */ = {
			isa = PBXShellScriptBuildPhase;
			buildActionMask = 2147483647;
			files = (
			);
			inputFileListPaths = (
			);
			inputPaths = (
				"${PODS_PODFILE_DIR_PATH}/Podfile.lock",
				"${PODS_ROOT}/Manifest.lock",
			);
			name = "[CP] Check Pods Manifest.lock";
			outputFileListPaths = (
			);
			outputPaths = (
				"$(DERIVED_FILE_DIR)/Pods-Feedback-Analysis-checkManifestLockResult.txt",
			);
			runOnlyForDeploymentPostprocessing = 0;
			shellPath = /bin/sh;
			shellScript = "diff \"${PODS_PODFILE_DIR_PATH}/Podfile.lock\" \"${PODS_ROOT}/Manifest.lock\" > /dev/null\nif [ $? != 0 ] ; then\n    # print error to STDERR\n    echo \"error: The sandbox is not in sync with the Podfile.lock. Run 'pod install' or update your CocoaPods installation.\" >&2\n    exit 1\nfi\n# This output is used by Xcode 'outputs' to avoid re-running this script phase.\necho \"SUCCESS\" > \"${SCRIPT_OUTPUT_FILE_0}\"\n";
			showEnvVarsInLog = 0;
		};
/* End PBXShellScriptBuildPhase section */

/* Begin PBXSourcesBuildPhase section */
		C9A1572D22A6CA1F00D7D047 /* Sources */ = {
			isa = PBXSourcesBuildPhase;
			buildActionMask = 2147483647;
			files = (
				C9A6066C22B26E1F00184E0F /* MypageRepository.swift in Sources */,
				C9D9013822AB5E480040390E /* LoginInputPresenterImpl.swift in Sources */,
				C9D9014922AB85890040390E /* TopRouting.swift in Sources */,
				C97DDD9622AD879800A84219 /* AccountDataStore.swift in Sources */,
				C9D9013B22AB5E800040390E /* TopViewController.swift in Sources */,
				C91FA65D22B5686B006D9E6D /* DateFormatter+ Extension.swift in Sources */,
				C9D9010922AB44D80040390E /* AppUserDefault.swift in Sources */,
				C9D9010C22AB456D0040390E /* Date+Extension.swift in Sources */,
				C9A6067522B2A69D00184E0F /* UserEntity.swift in Sources */,
				C97DDD7B22AD543F00A84219 /* SignupInputPresenter.swift in Sources */,
				C9A6066722B26CCB00184E0F /* MypagePresenterImpl.swift in Sources */,
				C9A6066122B2676B00184E0F /* MypagePresenter.swift in Sources */,
				C9CC28F422AD3BEB006E69E5 /* SignupInputViewController.swift in Sources */,
				C9A6067922B2AAB600184E0F /* UserDataStore.swift in Sources */,
				C94F080F22ABEBF800BF3534 /* UIVIew+Extension.swift in Sources */,
				C9ED720222B137D700BDB9A7 /* MypageRouting.swift in Sources */,
				C95E08AB22B11750000C41C7 /* MainTabController.swift in Sources */,
				C9B55D0F22B0FE2E00845381 /* RemingRouting.swift in Sources */,
				C9CC28E922ACD892006E69E5 /* LoginInputViewController.swift in Sources */,
				C9D9011022AB4EE20040390E /* UIAlertAction+Extension.swift in Sources */,
				C91FA66022B577BB006D9E6D /* Residence.swift in Sources */,
				C9A6065D22B2643F00184E0F /* TimelineCell+Extension.swift in Sources */,
				C9CC28F822AD3C03006E69E5 /* SignupInputRouting.swift in Sources */,
				C9D9013D22AB5E870040390E /* TopUI.swift in Sources */,
				C9D9013122AB55F40040390E /* LoginInputPresenter.swift in Sources */,
				C926CD9E22B3C417008672AA /* EditViewController.swift in Sources */,
				C9B55D0D22B0FE2200845381 /* RemindUI.swift in Sources */,
				C9D9011B22AB513B0040390E /* UIColor+Extension.swift in Sources */,
				C9D9012122AB52760040390E /* UIViewController+Extension.swift in Sources */,
				C9A6066A22B26DDB00184E0F /* MypageUseCase.swift in Sources */,
				C9D9012A22AB538E0040390E /* UI.swift in Sources */,
				C97DDD9322AD85ED00A84219 /* Translator.swift in Sources */,
				C9D9011722AB50D20040390E /* TextComponent.swift in Sources */,
				C9D9011222AB4F130040390E /* UIBarButtonItem+Extension.swift in Sources */,
				C9A6065922B1DF8700184E0F /* TimelineCell.swift in Sources */,
				C9B55D1422B1010C00845381 /* RemindPresenterImpl.swift in Sources */,
				C91FA65622B4FF8B006D9E6D /* EditPresenterImpl.swift in Sources */,
				C9CC28EF22AD1288006E69E5 /* LoginInputRouting.swift in Sources */,
				C91FA65422B4FF84006D9E6D /* EditPresenter.swift in Sources */,
				C91FA65822B50401006D9E6D /* EditUseCase.swift in Sources */,
				C9ED71FE22B137C400BDB9A7 /* MypageViewController.swift in Sources */,
				C9D9010E22AB458B0040390E /* NSLayoutAnchor+Extension.swift in Sources */,
				C9CC28FB22AD505A006E69E5 /* Validate.swift in Sources */,
				C9A6067122B2980D00184E0F /* Const.swift in Sources */,
				C91FA65B22B53F9C006D9E6D /* Update.swift in Sources */,
				C926CDA022B3C41E008672AA /* EditUI.swift in Sources */,
				C97DDD9122AD83CC00A84219 /* AccountTranslator.swift in Sources */,
				C9D9011422AB502E0040390E /* UIButton+Extension.swift in Sources */,
				C9CC28EB22ACD89D006E69E5 /* LoginInputUI.swift in Sources */,
				C9D9011D22AB51830040390E /* UILabel+Extension.swift in Sources */,
				C9A1573522A6CA1F00D7D047 /* AppDelegate.swift in Sources */,
				C9AED93C22B4CDD2002D37A0 /* UnderlinedTextField.swift in Sources */,
				C9A6067322B2A60A00184E0F /* User.swift in Sources */,
				C9D9014122AB77B40040390E /* VerticalStackView.swift in Sources */,
				C9A6067722B2A88500184E0F /* UserTranslater.swift in Sources */,
				C9B55D0B22B0FE1B00845381 /* RemindViewController.swift in Sources */,
				C97DDD8B22AD755B00A84219 /* AccountEntity.swift in Sources */,
				C9D9011F22AB51C40040390E /* UITextField+Extension.swift in Sources */,
				C97DDD7D22AD544E00A84219 /* SignupInputPresenterImpl.swift in Sources */,
				C90535CB22AFBD55006B2E04 /* Provider.swift in Sources */,
				C9CC28F622AD3BF8006E69E5 /* SignupInputUI.swift in Sources */,
				C9B55D1622B1062600845381 /* RemindUseCase.swift in Sources */,
				C9A6065B22B2633600184E0F /* UIStackView+Extension.swift in Sources */,
				C9A6066F22B2980700184E0F /* Firebase.swift in Sources */,
				C9B55D1222B1010200845381 /* RemindPresenter.swift in Sources */,
				C97DDD7F22AD550F00A84219 /* Presenter.swift in Sources */,
				C9ED720422B16A7700BDB9A7 /* CustomSegmentedControl.swift in Sources */,
				C9D9012D22AB54220040390E /* Routing.swift in Sources */,
				C9D9011922AB50FD0040390E /* UIFont+Extension.swift in Sources */,
				C95ADED022AB141D00D851A0 /* R.generated.swift in Sources */,
				C9ED720022B137CD00BDB9A7 /* MypageUI.swift in Sources */,
				C97DDD8222AD71C100A84219 /* SignupUseCase.swift in Sources */,
				C97DDD8522AD74C900A84219 /* Account.swift in Sources */,
				C97DDD8E22AD82AC00A84219 /* AccountRepository.swift in Sources */,
				C926CDA222B3C425008672AA /* EditRouting.swift in Sources */,
				C9C844B522AFADB000083280 /* LoginUseCase.swift in Sources */,
			);
			runOnlyForDeploymentPostprocessing = 0;
		};
/* End PBXSourcesBuildPhase section */

/* Begin PBXVariantGroup section */
		C9A1573D22A6CA2000D7D047 /* LaunchScreen.storyboard */ = {
			isa = PBXVariantGroup;
			children = (
				C9A1573E22A6CA2000D7D047 /* Base */,
			);
			name = LaunchScreen.storyboard;
			sourceTree = "<group>";
		};
/* End PBXVariantGroup section */

/* Begin XCBuildConfiguration section */
		C9A1574122A6CA2000D7D047 /* Debug */ = {
			isa = XCBuildConfiguration;
			buildSettings = {
				ALWAYS_SEARCH_USER_PATHS = NO;
				CLANG_ANALYZER_NONNULL = YES;
				CLANG_ANALYZER_NUMBER_OBJECT_CONVERSION = YES_AGGRESSIVE;
				CLANG_CXX_LANGUAGE_STANDARD = "gnu++14";
				CLANG_CXX_LIBRARY = "libc++";
				CLANG_ENABLE_MODULES = YES;
				CLANG_ENABLE_OBJC_ARC = YES;
				CLANG_ENABLE_OBJC_WEAK = YES;
				CLANG_WARN_BLOCK_CAPTURE_AUTORELEASING = YES;
				CLANG_WARN_BOOL_CONVERSION = YES;
				CLANG_WARN_COMMA = YES;
				CLANG_WARN_CONSTANT_CONVERSION = YES;
				CLANG_WARN_DEPRECATED_OBJC_IMPLEMENTATIONS = YES;
				CLANG_WARN_DIRECT_OBJC_ISA_USAGE = YES_ERROR;
				CLANG_WARN_DOCUMENTATION_COMMENTS = YES;
				CLANG_WARN_EMPTY_BODY = YES;
				CLANG_WARN_ENUM_CONVERSION = YES;
				CLANG_WARN_INFINITE_RECURSION = YES;
				CLANG_WARN_INT_CONVERSION = YES;
				CLANG_WARN_NON_LITERAL_NULL_CONVERSION = YES;
				CLANG_WARN_OBJC_IMPLICIT_RETAIN_SELF = YES;
				CLANG_WARN_OBJC_LITERAL_CONVERSION = YES;
				CLANG_WARN_OBJC_ROOT_CLASS = YES_ERROR;
				CLANG_WARN_RANGE_LOOP_ANALYSIS = YES;
				CLANG_WARN_STRICT_PROTOTYPES = YES;
				CLANG_WARN_SUSPICIOUS_MOVE = YES;
				CLANG_WARN_UNGUARDED_AVAILABILITY = YES_AGGRESSIVE;
				CLANG_WARN_UNREACHABLE_CODE = YES;
				CLANG_WARN__DUPLICATE_METHOD_MATCH = YES;
				CODE_SIGN_IDENTITY = "iPhone Developer";
				COPY_PHASE_STRIP = NO;
				DEBUG_INFORMATION_FORMAT = dwarf;
				ENABLE_STRICT_OBJC_MSGSEND = YES;
				ENABLE_TESTABILITY = YES;
				GCC_C_LANGUAGE_STANDARD = gnu11;
				GCC_DYNAMIC_NO_PIC = NO;
				GCC_NO_COMMON_BLOCKS = YES;
				GCC_OPTIMIZATION_LEVEL = 0;
				GCC_PREPROCESSOR_DEFINITIONS = (
					"DEBUG=1",
					"$(inherited)",
				);
				GCC_WARN_64_TO_32_BIT_CONVERSION = YES;
				GCC_WARN_ABOUT_RETURN_TYPE = YES_ERROR;
				GCC_WARN_UNDECLARED_SELECTOR = YES;
				GCC_WARN_UNINITIALIZED_AUTOS = YES_AGGRESSIVE;
				GCC_WARN_UNUSED_FUNCTION = YES;
				GCC_WARN_UNUSED_VARIABLE = YES;
				IPHONEOS_DEPLOYMENT_TARGET = 12.2;
				MTL_ENABLE_DEBUG_INFO = INCLUDE_SOURCE;
				MTL_FAST_MATH = YES;
				ONLY_ACTIVE_ARCH = YES;
				SDKROOT = iphoneos;
				SWIFT_ACTIVE_COMPILATION_CONDITIONS = DEBUG;
				SWIFT_OPTIMIZATION_LEVEL = "-Onone";
			};
			name = Debug;
		};
		C9A1574222A6CA2000D7D047 /* Release */ = {
			isa = XCBuildConfiguration;
			buildSettings = {
				ALWAYS_SEARCH_USER_PATHS = NO;
				CLANG_ANALYZER_NONNULL = YES;
				CLANG_ANALYZER_NUMBER_OBJECT_CONVERSION = YES_AGGRESSIVE;
				CLANG_CXX_LANGUAGE_STANDARD = "gnu++14";
				CLANG_CXX_LIBRARY = "libc++";
				CLANG_ENABLE_MODULES = YES;
				CLANG_ENABLE_OBJC_ARC = YES;
				CLANG_ENABLE_OBJC_WEAK = YES;
				CLANG_WARN_BLOCK_CAPTURE_AUTORELEASING = YES;
				CLANG_WARN_BOOL_CONVERSION = YES;
				CLANG_WARN_COMMA = YES;
				CLANG_WARN_CONSTANT_CONVERSION = YES;
				CLANG_WARN_DEPRECATED_OBJC_IMPLEMENTATIONS = YES;
				CLANG_WARN_DIRECT_OBJC_ISA_USAGE = YES_ERROR;
				CLANG_WARN_DOCUMENTATION_COMMENTS = YES;
				CLANG_WARN_EMPTY_BODY = YES;
				CLANG_WARN_ENUM_CONVERSION = YES;
				CLANG_WARN_INFINITE_RECURSION = YES;
				CLANG_WARN_INT_CONVERSION = YES;
				CLANG_WARN_NON_LITERAL_NULL_CONVERSION = YES;
				CLANG_WARN_OBJC_IMPLICIT_RETAIN_SELF = YES;
				CLANG_WARN_OBJC_LITERAL_CONVERSION = YES;
				CLANG_WARN_OBJC_ROOT_CLASS = YES_ERROR;
				CLANG_WARN_RANGE_LOOP_ANALYSIS = YES;
				CLANG_WARN_STRICT_PROTOTYPES = YES;
				CLANG_WARN_SUSPICIOUS_MOVE = YES;
				CLANG_WARN_UNGUARDED_AVAILABILITY = YES_AGGRESSIVE;
				CLANG_WARN_UNREACHABLE_CODE = YES;
				CLANG_WARN__DUPLICATE_METHOD_MATCH = YES;
				CODE_SIGN_IDENTITY = "iPhone Developer";
				COPY_PHASE_STRIP = NO;
				DEBUG_INFORMATION_FORMAT = "dwarf-with-dsym";
				ENABLE_NS_ASSERTIONS = NO;
				ENABLE_STRICT_OBJC_MSGSEND = YES;
				GCC_C_LANGUAGE_STANDARD = gnu11;
				GCC_NO_COMMON_BLOCKS = YES;
				GCC_WARN_64_TO_32_BIT_CONVERSION = YES;
				GCC_WARN_ABOUT_RETURN_TYPE = YES_ERROR;
				GCC_WARN_UNDECLARED_SELECTOR = YES;
				GCC_WARN_UNINITIALIZED_AUTOS = YES_AGGRESSIVE;
				GCC_WARN_UNUSED_FUNCTION = YES;
				GCC_WARN_UNUSED_VARIABLE = YES;
				IPHONEOS_DEPLOYMENT_TARGET = 12.2;
				MTL_ENABLE_DEBUG_INFO = NO;
				MTL_FAST_MATH = YES;
				SDKROOT = iphoneos;
				SWIFT_COMPILATION_MODE = wholemodule;
				SWIFT_OPTIMIZATION_LEVEL = "-O";
				VALIDATE_PRODUCT = YES;
			};
			name = Release;
		};
		C9A1574422A6CA2000D7D047 /* Debug */ = {
			isa = XCBuildConfiguration;
			baseConfigurationReference = 180FB39CDDE7BFB741E76AA9 /* Pods-Feedback-Analysis.debug.xcconfig */;
			buildSettings = {
				ASSETCATALOG_COMPILER_APPICON_NAME = AppIcon;
				CODE_SIGN_STYLE = Automatic;
				DEVELOPMENT_TEAM = 9BM69LRYZ5;
				INFOPLIST_FILE = "Feedback-Analysis/Info.plist";
				IPHONEOS_DEPLOYMENT_TARGET = 11.0;
				LD_RUNPATH_SEARCH_PATHS = (
					"$(inherited)",
					"@executable_path/Frameworks",
				);
				PRODUCT_BUNDLE_IDENTIFIER = "com.icloud.g1221438.Feedback-Analysis";
				PRODUCT_NAME = "$(TARGET_NAME)";
				SWIFT_VERSION = 5.0;
				TARGETED_DEVICE_FAMILY = "1,2";
			};
			name = Debug;
		};
		C9A1574522A6CA2000D7D047 /* Release */ = {
			isa = XCBuildConfiguration;
			baseConfigurationReference = DF2047041B81E420DAE3BDD1 /* Pods-Feedback-Analysis.release.xcconfig */;
			buildSettings = {
				ASSETCATALOG_COMPILER_APPICON_NAME = AppIcon;
				CODE_SIGN_STYLE = Automatic;
				DEVELOPMENT_TEAM = 9BM69LRYZ5;
				INFOPLIST_FILE = "Feedback-Analysis/Info.plist";
				IPHONEOS_DEPLOYMENT_TARGET = 11.0;
				LD_RUNPATH_SEARCH_PATHS = (
					"$(inherited)",
					"@executable_path/Frameworks",
				);
				PRODUCT_BUNDLE_IDENTIFIER = "com.icloud.g1221438.Feedback-Analysis";
				PRODUCT_NAME = "$(TARGET_NAME)";
				SWIFT_VERSION = 5.0;
				TARGETED_DEVICE_FAMILY = "1,2";
			};
			name = Release;
		};
/* End XCBuildConfiguration section */

/* Begin XCConfigurationList section */
		C9A1572C22A6CA1F00D7D047 /* Build configuration list for PBXProject "Feedback-Analysis" */ = {
			isa = XCConfigurationList;
			buildConfigurations = (
				C9A1574122A6CA2000D7D047 /* Debug */,
				C9A1574222A6CA2000D7D047 /* Release */,
			);
			defaultConfigurationIsVisible = 0;
			defaultConfigurationName = Release;
		};
		C9A1574322A6CA2000D7D047 /* Build configuration list for PBXNativeTarget "Feedback-Analysis" */ = {
			isa = XCConfigurationList;
			buildConfigurations = (
				C9A1574422A6CA2000D7D047 /* Debug */,
				C9A1574522A6CA2000D7D047 /* Release */,
			);
			defaultConfigurationIsVisible = 0;
			defaultConfigurationName = Release;
		};
/* End XCConfigurationList section */
	};
	rootObject = C9A1572922A6CA1F00D7D047 /* Project object */;
}
